
Microsoft Visual Studio Solution File, Format Version 12.00
# Visual Studio Version 16
VisualStudioVersion = 16.0.29926.136
MinimumVisualStudioVersion = 10.0.40219.1
Project("{9A19103F-16F7-4668-BE54-9A1E7A4F7556}") = "Calabonga.Microservices.Tracker", "Calabonga.Microservices.Tracker\Calabonga.Microservices.Tracker.csproj", "{31F32361-FB77-4DC8-9551-F4F7E16B3CD7}"
EndProject
Project("{FAE04EC0-301F-11D3-BF4B-00C04F79EFBC}") = "Calabonga.microservices.Tracker.Demo", "Calabonga.microservices.Tracker.Demo\Calabonga.microservices.Tracker.Demo.csproj", "{D4B11A95-7082-4E30-B9E9-A9319D54C072}"
EndProject
Global
	GlobalSection(SolutionConfigurationPlatforms) = preSolution
		Debug|Any CPU = Debug|Any CPU
		Release|Any CPU = Release|Any CPU
	EndGlobalSection
	GlobalSection(ProjectConfigurationPlatforms) = postSolution
		{31F32361-FB77-4DC8-9551-F4F7E16B3CD7}.Debug|Any CPU.ActiveCfg = Debug|Any CPU
		{31F32361-FB77-4DC8-9551-F4F7E16B3CD7}.Debug|Any CPU.Build.0 = Debug|Any CPU
		{31F32361-FB77-4DC8-9551-F4F7E16B3CD7}.Release|Any CPU.ActiveCfg = Release|Any CPU
		{31F32361-FB77-4DC8-9551-F4F7E16B3CD7}.Release|Any CPU.Build.0 = Release|Any CPU
		{D4B11A95-7082-4E30-B9E9-A9319D54C072}.Debug|Any CPU.ActiveCfg = Debug|Any CPU
		{D4B11A95-7082-4E30-B9E9-A9319D54C072}.Debug|Any CPU.Build.0 = Debug|Any CPU
		{D4B11A95-7082-4E30-B9E9-A9319D54C072}.Release|Any CPU.ActiveCfg = Release|Any CPU
		{D4B11A95-7082-4E30-B9E9-A9319D54C072}.Release|Any CPU.Build.0 = Release|Any CPU
	EndGlobalSection
	GlobalSection(SolutionProperties) = preSolution
		HideSolutionNode = FALSE
	EndGlobalSection
	GlobalSection(ExtensibilityGlobals) = postSolution
		SolutionGuid = {A2AEBEC7-85A1-4942-AEA1-290C66043EF7}
	EndGlobalSection
EndGlobal
